<?xml version="1.0" encoding="utf-8"?>
<Project ToolsVersion="4.0" xmlns="http://schemas.microsoft.com/developer/msbuild/2003">
  <ItemGroup>
    <Filter Include="Source Files">
      <UniqueIdentifier>{4FC737F1-C7A5-4376-A066-2A32D752A2FF}</UniqueIdentifier>
      <Extensions>cpp;c;cc;cxx;c++;cppm;ixx;def;odl;idl;hpj;bat;asm;asmx</Extensions>
    </Filter>
    <Filter Include="Header Files">
      <UniqueIdentifier>{93995380-89BD-4b04-88EB-625FBE52EBFB}</UniqueIdentifier>
      <Extensions>h;hh;hpp;hxx;h++;hm;inl;inc;ipp;xsd</Extensions>
    </Filter>
    <Filter Include="Resource Files">
      <UniqueIdentifier>{67DA6AB6-F800-4c08-8B7A-83BB121AAD01}</UniqueIdentifier>
      <Extensions>rc;ico;cur;bmp;dlg;rc2;rct;bin;rgs;gif;jpg;jpeg;jpe;resx;tiff;tif;png;wav;mfcribbon-ms</Extensions>
    </Filter>
    <Filter Include="Source Files\Shaders">
      <UniqueIdentifier>{625e39b5-81fd-4d38-91a3-8bc67638dd9f}</UniqueIdentifier>
    </Filter>
  </ItemGroup>
  <ItemGroup>
    <ClCompile Include="MySuper3DApp.cpp">
      <Filter>Source Files</Filter>
    </ClCompile>
    <ClCompile Include="Game\Game.cpp">
      <Filter>Source Files</Filter>
    </ClCompile>
    <ClCompile Include="Game\Components\GameComponent.cpp">
      <Filter>Source Files</Filter>
    </ClCompile>
    <ClCompile Include="Game\main.cpp">
      <Filter>Source Files</Filter>
    </ClCompile>
    <ClCompile Include="Game\WinDisplay\DisplayWin32.cpp">
      <Filter>Source Files</Filter>
    </ClCompile>
    <ClCompile Include="Game\Components\TriangleComponent.cpp">
      <Filter>Source Files</Filter>
    </ClCompile>
    <ClCompile Include="Game\Input\InputDevice.cpp">
      <Filter>Source Files</Filter>
    </ClCompile>
    <ClCompile Include="Game\Platform.cpp">
      <Filter>Source Files</Filter>
    </ClCompile>
    <ClCompile Include="Game\Ball.cpp">
      <Filter>Source Files</Filter>
    </ClCompile>
    <ClCompile Include="DXDebug\DXDebug.cpp">
      <Filter>Source Files</Filter>
    </ClCompile>
  </ItemGroup>
  <ItemGroup>
    <ClInclude Include="Game\Game.h">
      <Filter>Header Files</Filter>
    </ClInclude>
    <ClInclude Include="Game\Components\GameComponent.h">
      <Filter>Header Files</Filter>
    </ClInclude>
    <ClInclude Include="Support\DXInclude.h">
      <Filter>Header Files</Filter>
    </ClInclude>
    <ClInclude Include="Game\WinDisplay\DisplayWin32.h">
      <Filter>Header Files</Filter>
    </ClInclude>
    <ClInclude Include="Game\Components\TriangleComponent.h">
      <Filter>Header Files</Filter>
    </ClInclude>
    <ClInclude Include="Game\Input\InputDevice.h">
      <Filter>Header Files</Filter>
    </ClInclude>
    <ClInclude Include="Game\ConstatntBuffer\ConstantBuffer.h">
      <Filter>Header Files</Filter>
    </ClInclude>
    <ClInclude Include="Game\ConstatntBuffer\ConstantBufferTypes.h">
      <Filter>Header Files</Filter>
    </ClInclude>
    <ClInclude Include="Game\Platform.h">
      <Filter>Header Files</Filter>
    </ClInclude>
    <ClInclude Include="Game\Ball.h">
      <Filter>Header Files</Filter>
    </ClInclude>
    <ClInclude Include="DXDebug\DXDebug.h">
      <Filter>Header Files</Filter>
    </ClInclude>
  </ItemGroup>
  <ItemGroup>
    <FxCompile Include="Shaders\MyVeryFirstShader.hlsl">
      <Filter>Source Files\Shaders</Filter>
    </FxCompile>
  </ItemGroup>
  <ItemGroup>
    <None Include="packages.config" />
  </ItemGroup>
</Project>